
Microsoft Visual Studio Solution File, Format Version 12.00
# Visual Studio Version 16
VisualStudioVersion = 16.0.30804.86
MinimumVisualStudioVersion = 10.0.40219.1
Project("{FAE04EC0-301F-11D3-BF4B-00C04F79EFBC}") = "WebApplication1", "WebApplication1\WebApplication1.csproj", "{B4FC87C7-EC42-4417-BEA4-5FC064D3B498}"
EndProject
Global
	GlobalSection(SolutionConfigurationPlatforms) = preSolution
		Debug|Any CPU = Debug|Any CPU
		Release|Any CPU = Release|Any CPU
	EndGlobalSection
	GlobalSection(ProjectConfigurationPlatforms) = postSolution
		{B4FC87C7-EC42-4417-BEA4-5FC064D3B498}.Debug|Any CPU.ActiveCfg = Debug|Any CPU
		{B4FC87C7-EC42-4417-BEA4-5FC064D3B498}.Debug|Any CPU.Build.0 = Debug|Any CPU
		{B4FC87C7-EC42-4417-BEA4-5FC064D3B498}.Release|Any CPU.ActiveCfg = Release|Any CPU
		{B4FC87C7-EC42-4417-BEA4-5FC064D3B498}.Release|Any CPU.Build.0 = Release|Any CPU
	EndGlobalSection
	GlobalSection(SolutionProperties) = preSolution
		HideSolutionNode = FALSE
	EndGlobalSection
	GlobalSection(ExtensibilityGlobals) = postSolution
		SolutionGuid = {17F3ED9B-4041-4EF7-A05F-C6AFF50E10D4}
	EndGlobalSection
EndGlobal
